{
  "object": {
    "pins": [
      {
        "package": "DeviceX",
        "repositoryURL": "https://github.com/prashantLalShrestha/DeviceX.git",
        "state": {
          "branch": null,
          "revision": "e55c813e770401f071cffbe4d869aba522f4f7d0",
          "version": "1.2.0"
        }
      },
      {
        "package": "LocalizeX",
        "repositoryURL": "https://github.com/prashantLalShrestha/LocalizeX.git",
        "state": {
          "branch": null,
          "revision": "acaeaa916f552b71023dc6acf4685441932ca17a",
          "version": "1.3.0"
        }
      }
    ]
  },
  "version": 1
}
